github.com/michaelgeorgisva/gomod-first-learning v1.0.0 h1:Yp+/29s85zISxdxrmvP3Hp9IpzqQs1HaQ4lhs/+R29o=
github.com/michaelgeorgisva/gomod-first-learning v1.0.0/go.mod h1:igzOpQRo9YscZvy1f19K1FYEy3Gkeby6rsYG0zFS8LA=
github.com/michaelgeorgisva/gomod-first-learning v1.1.0 h1:Dp1crYlTyOx/y5nvx+/VeknKIROeZyw4PheN0jaXrSk=
github.com/michaelgeorgisva/gomod-first-learning v1.1.0/go.mod h1:igzOpQRo9YscZvy1f19K1FYEy3Gkeby6rsYG0zFS8LA=
